
Microsoft Visual Studio Solution File, Format Version 12.00
# Visual Studio Version 16
VisualStudioVersion = 16.0.30114.105
MinimumVisualStudioVersion = 10.0.40219.1
Project("{FAE04EC0-301F-11D3-BF4B-00C04F79EFBC}") = "File-Pass", "File-Pass.csproj", "{036E1BF0-B240-4F55-AC1D-4F9A95ED6E78}"
EndProject
Global
	GlobalSection(SolutionConfigurationPlatforms) = preSolution
		Debug|Any CPU = Debug|Any CPU
		Release|Any CPU = Release|Any CPU
	EndGlobalSection
	GlobalSection(ProjectConfigurationPlatforms) = postSolution
		{036E1BF0-B240-4F55-AC1D-4F9A95ED6E78}.Debug|Any CPU.ActiveCfg = Debug|Any CPU
		{036E1BF0-B240-4F55-AC1D-4F9A95ED6E78}.Debug|Any CPU.Build.0 = Debug|Any CPU
		{036E1BF0-B240-4F55-AC1D-4F9A95ED6E78}.Release|Any CPU.ActiveCfg = Release|Any CPU
		{036E1BF0-B240-4F55-AC1D-4F9A95ED6E78}.Release|Any CPU.Build.0 = Release|Any CPU
	EndGlobalSection
	GlobalSection(SolutionProperties) = preSolution
		HideSolutionNode = FALSE
	EndGlobalSection
	GlobalSection(ExtensibilityGlobals) = postSolution
		SolutionGuid = {B40C20F8-6F23-42E0-A58D-E0091F275EC3}
	EndGlobalSection
EndGlobal
