
Microsoft Visual Studio Solution File, Format Version 12.00
# Visual Studio Version 17
VisualStudioVersion = 17.0.31717.71
MinimumVisualStudioVersion = 10.0.40219.1
Project("{9A19103F-16F7-4668-BE54-9A1E7A4F7556}") = "ZoDream.FileTransfer", "win\ZoDream.FileTransfer.csproj", "{6914B736-D499-44D0-95B5-F9AEF1ADE385}"
EndProject
Project("{2150E333-8FDC-42A3-9474-1A3956D46DE8}") = "maui", "maui", "{139DC882-CCF8-49B0-BFB0-6E0F0D8189C9}"
EndProject
Project("{9A19103F-16F7-4668-BE54-9A1E7A4F7556}") = "ZoDream.FileTransfer", "maui\ZoDream.FileTransfer\ZoDream.FileTransfer.csproj", "{E4EE2440-2E86-483D-B8F0-569125B564A9}"
EndProject
Project("{2150E333-8FDC-42A3-9474-1A3956D46DE8}") = "winui", "winui", "{B437F0AC-26DD-42D6-8513-D122B914E83E}"
EndProject
Project("{9A19103F-16F7-4668-BE54-9A1E7A4F7556}") = "ZoDream.Shared", "ZoDream.Shared\ZoDream.Shared.csproj", "{6D93C81D-3395-45AF-82D6-B8402859BC39}"
EndProject
Project("{9A19103F-16F7-4668-BE54-9A1E7A4F7556}") = "ZoDream.FileTransfer", "winui\ZoDream.FileTransfer.csproj", "{364DDE5A-784E-4DCD-9EA1-01F0E86D0EFC}"
EndProject
Project("{FAE04EC0-301F-11D3-BF4B-00C04F79EFBC}") = "ZoDream.Shared.Net", "ZoDream.Shared.Net\ZoDream.Shared.Net.csproj", "{22D239AE-4D12-460C-8C82-0D8D74723CB7}"
EndProject
Global
	GlobalSection(SolutionConfigurationPlatforms) = preSolution
		Debug|Any CPU = Debug|Any CPU
		Debug|ARM64 = Debug|ARM64
		Debug|x64 = Debug|x64
		Debug|x86 = Debug|x86
		Release|Any CPU = Release|Any CPU
		Release|ARM64 = Release|ARM64
		Release|x64 = Release|x64
		Release|x86 = Release|x86
	EndGlobalSection
	GlobalSection(ProjectConfigurationPlatforms) = postSolution
		{6914B736-D499-44D0-95B5-F9AEF1ADE385}.Debug|Any CPU.ActiveCfg = Debug|Any CPU
		{6914B736-D499-44D0-95B5-F9AEF1ADE385}.Debug|Any CPU.Build.0 = Debug|Any CPU
		{6914B736-D499-44D0-95B5-F9AEF1ADE385}.Debug|ARM64.ActiveCfg = Debug|Any CPU
		{6914B736-D499-44D0-95B5-F9AEF1ADE385}.Debug|ARM64.Build.0 = Debug|Any CPU
		{6914B736-D499-44D0-95B5-F9AEF1ADE385}.Debug|x64.ActiveCfg = Debug|Any CPU
		{6914B736-D499-44D0-95B5-F9AEF1ADE385}.Debug|x64.Build.0 = Debug|Any CPU
		{6914B736-D499-44D0-95B5-F9AEF1ADE385}.Debug|x86.ActiveCfg = Debug|Any CPU
		{6914B736-D499-44D0-95B5-F9AEF1ADE385}.Debug|x86.Build.0 = Debug|Any CPU
		{6914B736-D499-44D0-95B5-F9AEF1ADE385}.Release|Any CPU.ActiveCfg = Release|Any CPU
		{6914B736-D499-44D0-95B5-F9AEF1ADE385}.Release|Any CPU.Build.0 = Release|Any CPU
		{6914B736-D499-44D0-95B5-F9AEF1ADE385}.Release|ARM64.ActiveCfg = Release|Any CPU
		{6914B736-D499-44D0-95B5-F9AEF1ADE385}.Release|ARM64.Build.0 = Release|Any CPU
		{6914B736-D499-44D0-95B5-F9AEF1ADE385}.Release|x64.ActiveCfg = Release|Any CPU
		{6914B736-D499-44D0-95B5-F9AEF1ADE385}.Release|x64.Build.0 = Release|Any CPU
		{6914B736-D499-44D0-95B5-F9AEF1ADE385}.Release|x86.ActiveCfg = Release|Any CPU
		{6914B736-D499-44D0-95B5-F9AEF1ADE385}.Release|x86.Build.0 = Release|Any CPU
		{E4EE2440-2E86-483D-B8F0-569125B564A9}.Debug|Any CPU.ActiveCfg = Debug|Any CPU
		{E4EE2440-2E86-483D-B8F0-569125B564A9}.Debug|Any CPU.Build.0 = Debug|Any CPU
		{E4EE2440-2E86-483D-B8F0-569125B564A9}.Debug|Any CPU.Deploy.0 = Debug|Any CPU
		{E4EE2440-2E86-483D-B8F0-569125B564A9}.Debug|ARM64.ActiveCfg = Debug|Any CPU
		{E4EE2440-2E86-483D-B8F0-569125B564A9}.Debug|ARM64.Build.0 = Debug|Any CPU
		{E4EE2440-2E86-483D-B8F0-569125B564A9}.Debug|ARM64.Deploy.0 = Debug|Any CPU
		{E4EE2440-2E86-483D-B8F0-569125B564A9}.Debug|x64.ActiveCfg = Debug|Any CPU
		{E4EE2440-2E86-483D-B8F0-569125B564A9}.Debug|x64.Build.0 = Debug|Any CPU
		{E4EE2440-2E86-483D-B8F0-569125B564A9}.Debug|x64.Deploy.0 = Debug|Any CPU
		{E4EE2440-2E86-483D-B8F0-569125B564A9}.Debug|x86.ActiveCfg = Debug|Any CPU
		{E4EE2440-2E86-483D-B8F0-569125B564A9}.Debug|x86.Build.0 = Debug|Any CPU
		{E4EE2440-2E86-483D-B8F0-569125B564A9}.Debug|x86.Deploy.0 = Debug|Any CPU
		{E4EE2440-2E86-483D-B8F0-569125B564A9}.Release|Any CPU.ActiveCfg = Release|Any CPU
		{E4EE2440-2E86-483D-B8F0-569125B564A9}.Release|Any CPU.Build.0 = Release|Any CPU
		{E4EE2440-2E86-483D-B8F0-569125B564A9}.Release|Any CPU.Deploy.0 = Release|Any CPU
		{E4EE2440-2E86-483D-B8F0-569125B564A9}.Release|ARM64.ActiveCfg = Release|Any CPU
		{E4EE2440-2E86-483D-B8F0-569125B564A9}.Release|ARM64.Build.0 = Release|Any CPU
		{E4EE2440-2E86-483D-B8F0-569125B564A9}.Release|ARM64.Deploy.0 = Release|Any CPU
		{E4EE2440-2E86-483D-B8F0-569125B564A9}.Release|x64.ActiveCfg = Release|Any CPU
		{E4EE2440-2E86-483D-B8F0-569125B564A9}.Release|x64.Build.0 = Release|Any CPU
		{E4EE2440-2E86-483D-B8F0-569125B564A9}.Release|x64.Deploy.0 = Release|Any CPU
		{E4EE2440-2E86-483D-B8F0-569125B564A9}.Release|x86.ActiveCfg = Release|Any CPU
		{E4EE2440-2E86-483D-B8F0-569125B564A9}.Release|x86.Build.0 = Release|Any CPU
		{E4EE2440-2E86-483D-B8F0-569125B564A9}.Release|x86.Deploy.0 = Release|Any CPU
		{6D93C81D-3395-45AF-82D6-B8402859BC39}.Debug|Any CPU.ActiveCfg = Debug|Any CPU
		{6D93C81D-3395-45AF-82D6-B8402859BC39}.Debug|Any CPU.Build.0 = Debug|Any CPU
		{6D93C81D-3395-45AF-82D6-B8402859BC39}.Debug|ARM64.ActiveCfg = Debug|Any CPU
		{6D93C81D-3395-45AF-82D6-B8402859BC39}.Debug|ARM64.Build.0 = Debug|Any CPU
		{6D93C81D-3395-45AF-82D6-B8402859BC39}.Debug|x64.ActiveCfg = Debug|Any CPU
		{6D93C81D-3395-45AF-82D6-B8402859BC39}.Debug|x64.Build.0 = Debug|Any CPU
		{6D93C81D-3395-45AF-82D6-B8402859BC39}.Debug|x86.ActiveCfg = Debug|Any CPU
		{6D93C81D-3395-45AF-82D6-B8402859BC39}.Debug|x86.Build.0 = Debug|Any CPU
		{6D93C81D-3395-45AF-82D6-B8402859BC39}.Release|Any CPU.ActiveCfg = Release|Any CPU
		{6D93C81D-3395-45AF-82D6-B8402859BC39}.Release|Any CPU.Build.0 = Release|Any CPU
		{6D93C81D-3395-45AF-82D6-B8402859BC39}.Release|ARM64.ActiveCfg = Release|Any CPU
		{6D93C81D-3395-45AF-82D6-B8402859BC39}.Release|ARM64.Build.0 = Release|Any CPU
		{6D93C81D-3395-45AF-82D6-B8402859BC39}.Release|x64.ActiveCfg = Release|Any CPU
		{6D93C81D-3395-45AF-82D6-B8402859BC39}.Release|x64.Build.0 = Release|Any CPU
		{6D93C81D-3395-45AF-82D6-B8402859BC39}.Release|x86.ActiveCfg = Release|Any CPU
		{6D93C81D-3395-45AF-82D6-B8402859BC39}.Release|x86.Build.0 = Release|Any CPU
		{364DDE5A-784E-4DCD-9EA1-01F0E86D0EFC}.Debug|Any CPU.ActiveCfg = Debug|x64
		{364DDE5A-784E-4DCD-9EA1-01F0E86D0EFC}.Debug|Any CPU.Build.0 = Debug|x64
		{364DDE5A-784E-4DCD-9EA1-01F0E86D0EFC}.Debug|Any CPU.Deploy.0 = Debug|x64
		{364DDE5A-784E-4DCD-9EA1-01F0E86D0EFC}.Debug|ARM64.ActiveCfg = Debug|ARM64
		{364DDE5A-784E-4DCD-9EA1-01F0E86D0EFC}.Debug|ARM64.Build.0 = Debug|ARM64
		{364DDE5A-784E-4DCD-9EA1-01F0E86D0EFC}.Debug|ARM64.Deploy.0 = Debug|ARM64
		{364DDE5A-784E-4DCD-9EA1-01F0E86D0EFC}.Debug|x64.ActiveCfg = Debug|x64
		{364DDE5A-784E-4DCD-9EA1-01F0E86D0EFC}.Debug|x64.Build.0 = Debug|x64
		{364DDE5A-784E-4DCD-9EA1-01F0E86D0EFC}.Debug|x64.Deploy.0 = Debug|x64
		{364DDE5A-784E-4DCD-9EA1-01F0E86D0EFC}.Debug|x86.ActiveCfg = Debug|x86
		{364DDE5A-784E-4DCD-9EA1-01F0E86D0EFC}.Debug|x86.Build.0 = Debug|x86
		{364DDE5A-784E-4DCD-9EA1-01F0E86D0EFC}.Debug|x86.Deploy.0 = Debug|x86
		{364DDE5A-784E-4DCD-9EA1-01F0E86D0EFC}.Release|Any CPU.ActiveCfg = Release|x64
		{364DDE5A-784E-4DCD-9EA1-01F0E86D0EFC}.Release|Any CPU.Build.0 = Release|x64
		{364DDE5A-784E-4DCD-9EA1-01F0E86D0EFC}.Release|Any CPU.Deploy.0 = Release|x64
		{364DDE5A-784E-4DCD-9EA1-01F0E86D0EFC}.Release|ARM64.ActiveCfg = Release|ARM64
		{364DDE5A-784E-4DCD-9EA1-01F0E86D0EFC}.Release|ARM64.Build.0 = Release|ARM64
		{364DDE5A-784E-4DCD-9EA1-01F0E86D0EFC}.Release|ARM64.Deploy.0 = Release|ARM64
		{364DDE5A-784E-4DCD-9EA1-01F0E86D0EFC}.Release|x64.ActiveCfg = Release|x64
		{364DDE5A-784E-4DCD-9EA1-01F0E86D0EFC}.Release|x64.Build.0 = Release|x64
		{364DDE5A-784E-4DCD-9EA1-01F0E86D0EFC}.Release|x64.Deploy.0 = Release|x64
		{364DDE5A-784E-4DCD-9EA1-01F0E86D0EFC}.Release|x86.ActiveCfg = Release|x86
		{364DDE5A-784E-4DCD-9EA1-01F0E86D0EFC}.Release|x86.Build.0 = Release|x86
		{364DDE5A-784E-4DCD-9EA1-01F0E86D0EFC}.Release|x86.Deploy.0 = Release|x86
		{22D239AE-4D12-460C-8C82-0D8D74723CB7}.Debug|Any CPU.ActiveCfg = Debug|Any CPU
		{22D239AE-4D12-460C-8C82-0D8D74723CB7}.Debug|Any CPU.Build.0 = Debug|Any CPU
		{22D239AE-4D12-460C-8C82-0D8D74723CB7}.Debug|ARM64.ActiveCfg = Debug|Any CPU
		{22D239AE-4D12-460C-8C82-0D8D74723CB7}.Debug|ARM64.Build.0 = Debug|Any CPU
		{22D239AE-4D12-460C-8C82-0D8D74723CB7}.Debug|x64.ActiveCfg = Debug|Any CPU
		{22D239AE-4D12-460C-8C82-0D8D74723CB7}.Debug|x64.Build.0 = Debug|Any CPU
		{22D239AE-4D12-460C-8C82-0D8D74723CB7}.Debug|x86.ActiveCfg = Debug|Any CPU
		{22D239AE-4D12-460C-8C82-0D8D74723CB7}.Debug|x86.Build.0 = Debug|Any CPU
		{22D239AE-4D12-460C-8C82-0D8D74723CB7}.Release|Any CPU.ActiveCfg = Release|Any CPU
		{22D239AE-4D12-460C-8C82-0D8D74723CB7}.Release|Any CPU.Build.0 = Release|Any CPU
		{22D239AE-4D12-460C-8C82-0D8D74723CB7}.Release|ARM64.ActiveCfg = Release|Any CPU
		{22D239AE-4D12-460C-8C82-0D8D74723CB7}.Release|ARM64.Build.0 = Release|Any CPU
		{22D239AE-4D12-460C-8C82-0D8D74723CB7}.Release|x64.ActiveCfg = Release|Any CPU
		{22D239AE-4D12-460C-8C82-0D8D74723CB7}.Release|x64.Build.0 = Release|Any CPU
		{22D239AE-4D12-460C-8C82-0D8D74723CB7}.Release|x86.ActiveCfg = Release|Any CPU
		{22D239AE-4D12-460C-8C82-0D8D74723CB7}.Release|x86.Build.0 = Release|Any CPU
	EndGlobalSection
	GlobalSection(SolutionProperties) = preSolution
		HideSolutionNode = FALSE
	EndGlobalSection
	GlobalSection(NestedProjects) = preSolution
		{E4EE2440-2E86-483D-B8F0-569125B564A9} = {139DC882-CCF8-49B0-BFB0-6E0F0D8189C9}
		{364DDE5A-784E-4DCD-9EA1-01F0E86D0EFC} = {B437F0AC-26DD-42D6-8513-D122B914E83E}
	EndGlobalSection
	GlobalSection(ExtensibilityGlobals) = postSolution
		SolutionGuid = {1D2110C7-0A25-4F82-AB9B-BBEE5889BF10}
	EndGlobalSection
EndGlobal
