
Microsoft Visual Studio Solution File, Format Version 12.00
# Visual Studio Version 17
VisualStudioVersion = 17.0.31717.71
MinimumVisualStudioVersion = 10.0.40219.1
Project("{9A19103F-16F7-4668-BE54-9A1E7A4F7556}") = "ZoDream.FileTransfer", "win\ZoDream.FileTransfer.csproj", "{6914B736-D499-44D0-95B5-F9AEF1ADE385}"
EndProject
Project("{2150E333-8FDC-42A3-9474-1A3956D46DE8}") = "maui", "maui", "{139DC882-CCF8-49B0-BFB0-6E0F0D8189C9}"
EndProject
Project("{FAE04EC0-301F-11D3-BF4B-00C04F79EFBC}") = "ZoDream.FileTransfer", "maui\ZoDream.FileTransfer\ZoDream.FileTransfer.csproj", "{717FC27E-87AC-44D4-887B-1556340CE8C9}"
EndProject
Global
	GlobalSection(SolutionConfigurationPlatforms) = preSolution
		Debug|Any CPU = Debug|Any CPU
		Release|Any CPU = Release|Any CPU
	EndGlobalSection
	GlobalSection(ProjectConfigurationPlatforms) = postSolution
		{6914B736-D499-44D0-95B5-F9AEF1ADE385}.Debug|Any CPU.ActiveCfg = Debug|Any CPU
		{6914B736-D499-44D0-95B5-F9AEF1ADE385}.Debug|Any CPU.Build.0 = Debug|Any CPU
		{6914B736-D499-44D0-95B5-F9AEF1ADE385}.Release|Any CPU.ActiveCfg = Release|Any CPU
		{6914B736-D499-44D0-95B5-F9AEF1ADE385}.Release|Any CPU.Build.0 = Release|Any CPU
		{717FC27E-87AC-44D4-887B-1556340CE8C9}.Debug|Any CPU.ActiveCfg = Debug|Any CPU
		{717FC27E-87AC-44D4-887B-1556340CE8C9}.Debug|Any CPU.Build.0 = Debug|Any CPU
		{717FC27E-87AC-44D4-887B-1556340CE8C9}.Debug|Any CPU.Deploy.0 = Debug|Any CPU
		{717FC27E-87AC-44D4-887B-1556340CE8C9}.Release|Any CPU.ActiveCfg = Release|Any CPU
		{717FC27E-87AC-44D4-887B-1556340CE8C9}.Release|Any CPU.Build.0 = Release|Any CPU
		{717FC27E-87AC-44D4-887B-1556340CE8C9}.Release|Any CPU.Deploy.0 = Release|Any CPU
	EndGlobalSection
	GlobalSection(SolutionProperties) = preSolution
		HideSolutionNode = FALSE
	EndGlobalSection
	GlobalSection(NestedProjects) = preSolution
		{717FC27E-87AC-44D4-887B-1556340CE8C9} = {139DC882-CCF8-49B0-BFB0-6E0F0D8189C9}
	EndGlobalSection
	GlobalSection(ExtensibilityGlobals) = postSolution
		SolutionGuid = {1D2110C7-0A25-4F82-AB9B-BBEE5889BF10}
	EndGlobalSection
EndGlobal
